
Microsoft Visual Studio Solution File, Format Version 12.00
# Visual Studio Version 17
VisualStudioVersion = 17.11.35327.3
MinimumVisualStudioVersion = 10.0.40219.1
Project("{F184B08F-C81C-45F6-A57F-5ABD9991F28F}") = "Gestion de quincaillerie", "Gestion de quincaillerie\Gestion de quincaillerie.vbproj", "{68E7A8B2-ECA1-4235-AC4D-1732924F4B33}"
EndProject
Global
	GlobalSection(SolutionConfigurationPlatforms) = preSolution
		Debug|Any CPU = Debug|Any CPU
		Release|Any CPU = Release|Any CPU
	EndGlobalSection
	GlobalSection(ProjectConfigurationPlatforms) = postSolution
		{68E7A8B2-ECA1-4235-AC4D-1732924F4B33}.Debug|Any CPU.ActiveCfg = Debug|Any CPU
		{68E7A8B2-ECA1-4235-AC4D-1732924F4B33}.Debug|Any CPU.Build.0 = Debug|Any CPU
		{68E7A8B2-ECA1-4235-AC4D-1732924F4B33}.Release|Any CPU.ActiveCfg = Release|Any CPU
		{68E7A8B2-ECA1-4235-AC4D-1732924F4B33}.Release|Any CPU.Build.0 = Release|Any CPU
	EndGlobalSection
	GlobalSection(SolutionProperties) = preSolution
		HideSolutionNode = FALSE
	EndGlobalSection
	GlobalSection(ExtensibilityGlobals) = postSolution
		SolutionGuid = {72EE9DFB-BC10-4509-950E-5872505FA51D}
	EndGlobalSection
EndGlobal
